# THIS IS AN AUTOGENERATED FILE. DO NOT EDIT THIS FILE DIRECTLY.
# yarn lockfile v1


"@tanstack/query-core@5.60.6":
  version "5.60.6"
  resolved "https://registry.yarnpkg.com/@tanstack/query-core/-/query-core-5.60.6.tgz#0dd33fe231b0d18bf66d0c615b29899738300658"
  integrity sha512-tI+k0KyCo1EBJ54vxK1kY24LWj673ujTydCZmzEZKAew4NqZzTaVQJEuaG1qKj2M03kUHN46rchLRd+TxVq/zQ==

"@tanstack/react-query@^5.61.0":
  version "5.61.0"
  resolved "https://registry.yarnpkg.com/@tanstack/react-query/-/react-query-5.61.0.tgz#73473feb37aa28ceb410e297ee060e18f06f88e0"
  integrity sha512-SBzV27XAeCRBOQ8QcC94w2H1Md0+LI0gTWwc3qRJoaGuewKn5FNW4LSqwPFJZVEItfhMfGT7RpZuSFXjTi12pQ==
  dependencies:
    "@tanstack/query-core" "5.60.6"
